
Microsoft Visual Studio Solution File, Format Version 12.00
# Visual Studio Version 17
VisualStudioVersion = 17.5.33627.172
MinimumVisualStudioVersion = 10.0.40219.1
Project("{FAE04EC0-301F-11D3-BF4B-00C04F79EFBC}") = "DataBase", "DataBase.csproj", "{D44A8F71-8D51-482A-A747-71140AE12170}"
EndProject
Global
	GlobalSection(SolutionConfigurationPlatforms) = preSolution
		Debug|Any CPU = Debug|Any CPU
		Release|Any CPU = Release|Any CPU
	EndGlobalSection
	GlobalSection(ProjectConfigurationPlatforms) = postSolution
		{D44A8F71-8D51-482A-A747-71140AE12170}.Debug|Any CPU.ActiveCfg = Debug|Any CPU
		{D44A8F71-8D51-482A-A747-71140AE12170}.Debug|Any CPU.Build.0 = Debug|Any CPU
		{D44A8F71-8D51-482A-A747-71140AE12170}.Release|Any CPU.ActiveCfg = Release|Any CPU
		{D44A8F71-8D51-482A-A747-71140AE12170}.Release|Any CPU.Build.0 = Release|Any CPU
	EndGlobalSection
	GlobalSection(SolutionProperties) = preSolution
		HideSolutionNode = FALSE
	EndGlobalSection
	GlobalSection(ExtensibilityGlobals) = postSolution
		SolutionGuid = {42E60E47-746E-425C-987A-C52803AB5D86}
	EndGlobalSection
EndGlobal
